github.com/keitaj/go-ubx v0.0.0-20260404230226-7b0e95e4359e h1:yEUoxYJ1BlkIf1NP6CMAKFdBAE4s4/iVFvpdqx7oUAQ=
github.com/keitaj/go-ubx v0.0.0-20260404230226-7b0e95e4359e/go.mod h1:aENZj5kxsv0McPY0+cZ4n21A/aq/QiBiNt42/qsWgGw=
github.com/keitaj/go-ubx v0.0.0-20260409010909-5b72280c4d2b h1:jS6wJuLPFRNHsSAQ0YtrDgSKXir8ndU2ZGANzOynPq0=
github.com/keitaj/go-ubx v0.0.0-20260409010909-5b72280c4d2b/go.mod h1:aENZj5kxsv0McPY0+cZ4n21A/aq/QiBiNt42/qsWgGw=
